
Microsoft Visual Studio Solution File, Format Version 12.00
# Visual Studio Version 17
VisualStudioVersion = 17.9.34723.18
MinimumVisualStudioVersion = 10.0.40219.1
Project("{FAE04EC0-301F-11D3-BF4B-00C04F79EFBC}") = "Blumen", "Blumen.csproj", "{A75113C8-6EB7-4E98-ABA1-FF44CD177664}"
EndProject
Project("{FAE04EC0-301F-11D3-BF4B-00C04F79EFBC}") = "TestProject1", "TestProject1\TestProject1.csproj", "{68EA7FEC-93AA-46F8-B941-65613476F4B4}"
EndProject
Global
	GlobalSection(SolutionConfigurationPlatforms) = preSolution
		Debug|Any CPU = Debug|Any CPU
		Release|Any CPU = Release|Any CPU
	EndGlobalSection
	GlobalSection(ProjectConfigurationPlatforms) = postSolution
		{A75113C8-6EB7-4E98-ABA1-FF44CD177664}.Debug|Any CPU.ActiveCfg = Debug|Any CPU
		{A75113C8-6EB7-4E98-ABA1-FF44CD177664}.Debug|Any CPU.Build.0 = Debug|Any CPU
		{A75113C8-6EB7-4E98-ABA1-FF44CD177664}.Release|Any CPU.ActiveCfg = Release|Any CPU
		{A75113C8-6EB7-4E98-ABA1-FF44CD177664}.Release|Any CPU.Build.0 = Release|Any CPU
		{68EA7FEC-93AA-46F8-B941-65613476F4B4}.Debug|Any CPU.ActiveCfg = Debug|Any CPU
		{68EA7FEC-93AA-46F8-B941-65613476F4B4}.Debug|Any CPU.Build.0 = Debug|Any CPU
		{68EA7FEC-93AA-46F8-B941-65613476F4B4}.Release|Any CPU.ActiveCfg = Release|Any CPU
		{68EA7FEC-93AA-46F8-B941-65613476F4B4}.Release|Any CPU.Build.0 = Release|Any CPU
	EndGlobalSection
	GlobalSection(SolutionProperties) = preSolution
		HideSolutionNode = FALSE
	EndGlobalSection
	GlobalSection(ExtensibilityGlobals) = postSolution
		SolutionGuid = {38EB2B56-A92B-4E94-B81D-4013F9D1009F}
	EndGlobalSection
EndGlobal
